
Microsoft Visual Studio Solution File, Format Version 12.00
# Visual Studio 15
VisualStudioVersion = 15.0.28307.1000
MinimumVisualStudioVersion = 10.0.40219.1
Project("{8BC9CEB8-8B4A-11D0-8D11-00A0C91BC942}") = "day09", "day09\day09.vcxproj", "{D99C375D-7159-4FF0-8D3B-CE393C6B1C43}"
EndProject
Project("{8BC9CEB8-8B4A-11D0-8D11-00A0C91BC942}") = "01类型转换", "01类型转换\01类型转换.vcxproj", "{D91E67BC-2491-4ABC-BA47-C4177F3AC77E}"
EndProject
Project("{8BC9CEB8-8B4A-11D0-8D11-00A0C91BC942}") = "02异常基本处理", "02异常基本处理\02异常基本处理.vcxproj", "{B877D025-8A20-40FD-AC44-AAC6B2D9755E}"
EndProject
Project("{8BC9CEB8-8B4A-11D0-8D11-00A0C91BC942}") = "03异常变量的生命周期", "03异常变量的生命周期\03异常变量的生命周期.vcxproj", "{BD41C4C1-8388-446E-BCF2-FE5B07508340}"
EndProject
Project("{8BC9CEB8-8B4A-11D0-8D11-00A0C91BC942}") = "04异常的多态使用", "04异常的多态使用\04异常的多态使用.vcxproj", "{73A90048-4552-49FA-89E6-1C98EC0AA055}"
EndProject
Project("{8BC9CEB8-8B4A-11D0-8D11-00A0C91BC942}") = "05使用系统提供的标准异常", "05使用系统提供的标准异常\05使用系统提供的标准异常.vcxproj", "{1753A961-6C7A-4A6B-BD50-0ED4E94E1F1C}"
EndProject
Project("{8BC9CEB8-8B4A-11D0-8D11-00A0C91BC942}") = "06自己编写异常类", "06自己编写异常类\06自己编写异常类.vcxproj", "{279E6BB6-5AB4-4D1A-855A-57B4B75B574E}"
EndProject
Project("{8BC9CEB8-8B4A-11D0-8D11-00A0C91BC942}") = "07标准输入流", "07标准输入流\07标准输入流.vcxproj", "{57EE2EC4-AA8D-4223-A608-25CAB21693D5}"
EndProject
Project("{8BC9CEB8-8B4A-11D0-8D11-00A0C91BC942}") = "08标准输出流", "08标准输出流\08标准输出流.vcxproj", "{F520DDF5-3897-414D-9525-803B746173E6}"
EndProject
Project("{8BC9CEB8-8B4A-11D0-8D11-00A0C91BC942}") = "09文件的读写操作", "09文件的读写操作\09文件的读写操作.vcxproj", "{308277CE-D1C7-48A0-8B97-DF75D4960ED1}"
EndProject
Global
	GlobalSection(SolutionConfigurationPlatforms) = preSolution
		Debug|x64 = Debug|x64
		Debug|x86 = Debug|x86
		Release|x64 = Release|x64
		Release|x86 = Release|x86
	EndGlobalSection
	GlobalSection(ProjectConfigurationPlatforms) = postSolution
		{D99C375D-7159-4FF0-8D3B-CE393C6B1C43}.Debug|x64.ActiveCfg = Debug|x64
		{D99C375D-7159-4FF0-8D3B-CE393C6B1C43}.Debug|x64.Build.0 = Debug|x64
		{D99C375D-7159-4FF0-8D3B-CE393C6B1C43}.Debug|x86.ActiveCfg = Debug|Win32
		{D99C375D-7159-4FF0-8D3B-CE393C6B1C43}.Debug|x86.Build.0 = Debug|Win32
		{D99C375D-7159-4FF0-8D3B-CE393C6B1C43}.Release|x64.ActiveCfg = Release|x64
		{D99C375D-7159-4FF0-8D3B-CE393C6B1C43}.Release|x64.Build.0 = Release|x64
		{D99C375D-7159-4FF0-8D3B-CE393C6B1C43}.Release|x86.ActiveCfg = Release|Win32
		{D99C375D-7159-4FF0-8D3B-CE393C6B1C43}.Release|x86.Build.0 = Release|Win32
		{D91E67BC-2491-4ABC-BA47-C4177F3AC77E}.Debug|x64.ActiveCfg = Debug|x64
		{D91E67BC-2491-4ABC-BA47-C4177F3AC77E}.Debug|x64.Build.0 = Debug|x64
		{D91E67BC-2491-4ABC-BA47-C4177F3AC77E}.Debug|x86.ActiveCfg = Debug|Win32
		{D91E67BC-2491-4ABC-BA47-C4177F3AC77E}.Debug|x86.Build.0 = Debug|Win32
		{D91E67BC-2491-4ABC-BA47-C4177F3AC77E}.Release|x64.ActiveCfg = Release|x64
		{D91E67BC-2491-4ABC-BA47-C4177F3AC77E}.Release|x64.Build.0 = Release|x64
		{D91E67BC-2491-4ABC-BA47-C4177F3AC77E}.Release|x86.ActiveCfg = Release|Win32
		{D91E67BC-2491-4ABC-BA47-C4177F3AC77E}.Release|x86.Build.0 = Release|Win32
		{B877D025-8A20-40FD-AC44-AAC6B2D9755E}.Debug|x64.ActiveCfg = Debug|x64
		{B877D025-8A20-40FD-AC44-AAC6B2D9755E}.Debug|x64.Build.0 = Debug|x64
		{B877D025-8A20-40FD-AC44-AAC6B2D9755E}.Debug|x86.ActiveCfg = Debug|Win32
		{B877D025-8A20-40FD-AC44-AAC6B2D9755E}.Debug|x86.Build.0 = Debug|Win32
		{B877D025-8A20-40FD-AC44-AAC6B2D9755E}.Release|x64.ActiveCfg = Release|x64
		{B877D025-8A20-40FD-AC44-AAC6B2D9755E}.Release|x64.Build.0 = Release|x64
		{B877D025-8A20-40FD-AC44-AAC6B2D9755E}.Release|x86.ActiveCfg = Release|Win32
		{B877D025-8A20-40FD-AC44-AAC6B2D9755E}.Release|x86.Build.0 = Release|Win32
		{BD41C4C1-8388-446E-BCF2-FE5B07508340}.Debug|x64.ActiveCfg = Debug|x64
		{BD41C4C1-8388-446E-BCF2-FE5B07508340}.Debug|x64.Build.0 = Debug|x64
		{BD41C4C1-8388-446E-BCF2-FE5B07508340}.Debug|x86.ActiveCfg = Debug|Win32
		{BD41C4C1-8388-446E-BCF2-FE5B07508340}.Debug|x86.Build.0 = Debug|Win32
		{BD41C4C1-8388-446E-BCF2-FE5B07508340}.Release|x64.ActiveCfg = Release|x64
		{BD41C4C1-8388-446E-BCF2-FE5B07508340}.Release|x64.Build.0 = Release|x64
		{BD41C4C1-8388-446E-BCF2-FE5B07508340}.Release|x86.ActiveCfg = Release|Win32
		{BD41C4C1-8388-446E-BCF2-FE5B07508340}.Release|x86.Build.0 = Release|Win32
		{73A90048-4552-49FA-89E6-1C98EC0AA055}.Debug|x64.ActiveCfg = Debug|x64
		{73A90048-4552-49FA-89E6-1C98EC0AA055}.Debug|x64.Build.0 = Debug|x64
		{73A90048-4552-49FA-89E6-1C98EC0AA055}.Debug|x86.ActiveCfg = Debug|Win32
		{73A90048-4552-49FA-89E6-1C98EC0AA055}.Debug|x86.Build.0 = Debug|Win32
		{73A90048-4552-49FA-89E6-1C98EC0AA055}.Release|x64.ActiveCfg = Release|x64
		{73A90048-4552-49FA-89E6-1C98EC0AA055}.Release|x64.Build.0 = Release|x64
		{73A90048-4552-49FA-89E6-1C98EC0AA055}.Release|x86.ActiveCfg = Release|Win32
		{73A90048-4552-49FA-89E6-1C98EC0AA055}.Release|x86.Build.0 = Release|Win32
		{1753A961-6C7A-4A6B-BD50-0ED4E94E1F1C}.Debug|x64.ActiveCfg = Debug|x64
		{1753A961-6C7A-4A6B-BD50-0ED4E94E1F1C}.Debug|x64.Build.0 = Debug|x64
		{1753A961-6C7A-4A6B-BD50-0ED4E94E1F1C}.Debug|x86.ActiveCfg = Debug|Win32
		{1753A961-6C7A-4A6B-BD50-0ED4E94E1F1C}.Debug|x86.Build.0 = Debug|Win32
		{1753A961-6C7A-4A6B-BD50-0ED4E94E1F1C}.Release|x64.ActiveCfg = Release|x64
		{1753A961-6C7A-4A6B-BD50-0ED4E94E1F1C}.Release|x64.Build.0 = Release|x64
		{1753A961-6C7A-4A6B-BD50-0ED4E94E1F1C}.Release|x86.ActiveCfg = Release|Win32
		{1753A961-6C7A-4A6B-BD50-0ED4E94E1F1C}.Release|x86.Build.0 = Release|Win32
		{279E6BB6-5AB4-4D1A-855A-57B4B75B574E}.Debug|x64.ActiveCfg = Debug|x64
		{279E6BB6-5AB4-4D1A-855A-57B4B75B574E}.Debug|x64.Build.0 = Debug|x64
		{279E6BB6-5AB4-4D1A-855A-57B4B75B574E}.Debug|x86.ActiveCfg = Debug|Win32
		{279E6BB6-5AB4-4D1A-855A-57B4B75B574E}.Debug|x86.Build.0 = Debug|Win32
		{279E6BB6-5AB4-4D1A-855A-57B4B75B574E}.Release|x64.ActiveCfg = Release|x64
		{279E6BB6-5AB4-4D1A-855A-57B4B75B574E}.Release|x64.Build.0 = Release|x64
		{279E6BB6-5AB4-4D1A-855A-57B4B75B574E}.Release|x86.ActiveCfg = Release|Win32
		{279E6BB6-5AB4-4D1A-855A-57B4B75B574E}.Release|x86.Build.0 = Release|Win32
		{57EE2EC4-AA8D-4223-A608-25CAB21693D5}.Debug|x64.ActiveCfg = Debug|x64
		{57EE2EC4-AA8D-4223-A608-25CAB21693D5}.Debug|x64.Build.0 = Debug|x64
		{57EE2EC4-AA8D-4223-A608-25CAB21693D5}.Debug|x86.ActiveCfg = Debug|Win32
		{57EE2EC4-AA8D-4223-A608-25CAB21693D5}.Debug|x86.Build.0 = Debug|Win32
		{57EE2EC4-AA8D-4223-A608-25CAB21693D5}.Release|x64.ActiveCfg = Release|x64
		{57EE2EC4-AA8D-4223-A608-25CAB21693D5}.Release|x64.Build.0 = Release|x64
		{57EE2EC4-AA8D-4223-A608-25CAB21693D5}.Release|x86.ActiveCfg = Release|Win32
		{57EE2EC4-AA8D-4223-A608-25CAB21693D5}.Release|x86.Build.0 = Release|Win32
		{F520DDF5-3897-414D-9525-803B746173E6}.Debug|x64.ActiveCfg = Debug|x64
		{F520DDF5-3897-414D-9525-803B746173E6}.Debug|x64.Build.0 = Debug|x64
		{F520DDF5-3897-414D-9525-803B746173E6}.Debug|x86.ActiveCfg = Debug|Win32
		{F520DDF5-3897-414D-9525-803B746173E6}.Debug|x86.Build.0 = Debug|Win32
		{F520DDF5-3897-414D-9525-803B746173E6}.Release|x64.ActiveCfg = Release|x64
		{F520DDF5-3897-414D-9525-803B746173E6}.Release|x64.Build.0 = Release|x64
		{F520DDF5-3897-414D-9525-803B746173E6}.Release|x86.ActiveCfg = Release|Win32
		{F520DDF5-3897-414D-9525-803B746173E6}.Release|x86.Build.0 = Release|Win32
		{308277CE-D1C7-48A0-8B97-DF75D4960ED1}.Debug|x64.ActiveCfg = Debug|x64
		{308277CE-D1C7-48A0-8B97-DF75D4960ED1}.Debug|x64.Build.0 = Debug|x64
		{308277CE-D1C7-48A0-8B97-DF75D4960ED1}.Debug|x86.ActiveCfg = Debug|Win32
		{308277CE-D1C7-48A0-8B97-DF75D4960ED1}.Debug|x86.Build.0 = Debug|Win32
		{308277CE-D1C7-48A0-8B97-DF75D4960ED1}.Release|x64.ActiveCfg = Release|x64
		{308277CE-D1C7-48A0-8B97-DF75D4960ED1}.Release|x64.Build.0 = Release|x64
		{308277CE-D1C7-48A0-8B97-DF75D4960ED1}.Release|x86.ActiveCfg = Release|Win32
		{308277CE-D1C7-48A0-8B97-DF75D4960ED1}.Release|x86.Build.0 = Release|Win32
	EndGlobalSection
	GlobalSection(SolutionProperties) = preSolution
		HideSolutionNode = FALSE
	EndGlobalSection
	GlobalSection(ExtensibilityGlobals) = postSolution
		SolutionGuid = {F158C928-8699-409E-A302-C690687DF1F8}
	EndGlobalSection
EndGlobal
