
Microsoft Visual Studio Solution File, Format Version 12.00
# Visual Studio 15
VisualStudioVersion = 15.0.28307.1000
MinimumVisualStudioVersion = 10.0.40219.1
Project("{8BC9CEB8-8B4A-11D0-8D11-00A0C91BC942}") = "day12", "day12\day12.vcxproj", "{81DB21DE-81F9-4ADD-9BDD-29C020C7C9B3}"
EndProject
Project("{8BC9CEB8-8B4A-11D0-8D11-00A0C91BC942}") = "01函数对象基本使用", "01函数对象基本使用\01函数对象基本使用.vcxproj", "{EDC0022F-B89F-4193-88EB-D1AA467CE305}"
EndProject
Project("{8BC9CEB8-8B4A-11D0-8D11-00A0C91BC942}") = "02谓词", "02谓词\02谓词.vcxproj", "{4037D938-5847-4CFD-8C0C-F3D6FFD7B534}"
EndProject
Project("{8BC9CEB8-8B4A-11D0-8D11-00A0C91BC942}") = "03内建函数对象", "03内建函数对象\03内建函数对象.vcxproj", "{2A768CCA-553B-4E7C-800B-C5A9EF25D956}"
EndProject
Project("{8BC9CEB8-8B4A-11D0-8D11-00A0C91BC942}") = "04适配器", "04适配器\04适配器.vcxproj", "{80F70F10-1ED3-45CD-8027-CAD990FCD578}"
EndProject
Project("{8BC9CEB8-8B4A-11D0-8D11-00A0C91BC942}") = "05常用遍历算法", "05常用遍历算法\05常用遍历算法.vcxproj", "{DE66BEC4-0586-4143-B4D4-3C14D0E4E315}"
EndProject
Project("{8BC9CEB8-8B4A-11D0-8D11-00A0C91BC942}") = "06常用查找算法", "06常用查找算法\06常用查找算法.vcxproj", "{1C0C3928-51CC-4BFD-979D-EFB0262857E9}"
EndProject
Project("{8BC9CEB8-8B4A-11D0-8D11-00A0C91BC942}") = "07常用排序算法", "08常用排序算法\08常用排序算法.vcxproj", "{A922ACC6-7B74-4D96-9DFB-17BEA79128B5}"
EndProject
Project("{8BC9CEB8-8B4A-11D0-8D11-00A0C91BC942}") = "08常用拷贝和替换算法", "08常用拷贝和替换算法\08常用拷贝和替换算法.vcxproj", "{FE6506E2-C3E8-4C37-BDA5-471B8473E99D}"
EndProject
Project("{8BC9CEB8-8B4A-11D0-8D11-00A0C91BC942}") = "09常用算数生成算法", "09常用算数生成算法\09常用算数生成算法.vcxproj", "{1B4AB9FA-7CB6-408F-AF75-27C6AB18497E}"
EndProject
Project("{8BC9CEB8-8B4A-11D0-8D11-00A0C91BC942}") = "10常用集合算法", "10常用集合算法\10常用集合算法.vcxproj", "{255B82EA-9F3B-452C-A4C2-A1A667CED794}"
EndProject
Global
	GlobalSection(SolutionConfigurationPlatforms) = preSolution
		Debug|x64 = Debug|x64
		Debug|x86 = Debug|x86
		Release|x64 = Release|x64
		Release|x86 = Release|x86
	EndGlobalSection
	GlobalSection(ProjectConfigurationPlatforms) = postSolution
		{81DB21DE-81F9-4ADD-9BDD-29C020C7C9B3}.Debug|x64.ActiveCfg = Debug|x64
		{81DB21DE-81F9-4ADD-9BDD-29C020C7C9B3}.Debug|x64.Build.0 = Debug|x64
		{81DB21DE-81F9-4ADD-9BDD-29C020C7C9B3}.Debug|x86.ActiveCfg = Debug|Win32
		{81DB21DE-81F9-4ADD-9BDD-29C020C7C9B3}.Debug|x86.Build.0 = Debug|Win32
		{81DB21DE-81F9-4ADD-9BDD-29C020C7C9B3}.Release|x64.ActiveCfg = Release|x64
		{81DB21DE-81F9-4ADD-9BDD-29C020C7C9B3}.Release|x64.Build.0 = Release|x64
		{81DB21DE-81F9-4ADD-9BDD-29C020C7C9B3}.Release|x86.ActiveCfg = Release|Win32
		{81DB21DE-81F9-4ADD-9BDD-29C020C7C9B3}.Release|x86.Build.0 = Release|Win32
		{EDC0022F-B89F-4193-88EB-D1AA467CE305}.Debug|x64.ActiveCfg = Debug|x64
		{EDC0022F-B89F-4193-88EB-D1AA467CE305}.Debug|x64.Build.0 = Debug|x64
		{EDC0022F-B89F-4193-88EB-D1AA467CE305}.Debug|x86.ActiveCfg = Debug|Win32
		{EDC0022F-B89F-4193-88EB-D1AA467CE305}.Debug|x86.Build.0 = Debug|Win32
		{EDC0022F-B89F-4193-88EB-D1AA467CE305}.Release|x64.ActiveCfg = Release|x64
		{EDC0022F-B89F-4193-88EB-D1AA467CE305}.Release|x64.Build.0 = Release|x64
		{EDC0022F-B89F-4193-88EB-D1AA467CE305}.Release|x86.ActiveCfg = Release|Win32
		{EDC0022F-B89F-4193-88EB-D1AA467CE305}.Release|x86.Build.0 = Release|Win32
		{4037D938-5847-4CFD-8C0C-F3D6FFD7B534}.Debug|x64.ActiveCfg = Debug|x64
		{4037D938-5847-4CFD-8C0C-F3D6FFD7B534}.Debug|x64.Build.0 = Debug|x64
		{4037D938-5847-4CFD-8C0C-F3D6FFD7B534}.Debug|x86.ActiveCfg = Debug|Win32
		{4037D938-5847-4CFD-8C0C-F3D6FFD7B534}.Debug|x86.Build.0 = Debug|Win32
		{4037D938-5847-4CFD-8C0C-F3D6FFD7B534}.Release|x64.ActiveCfg = Release|x64
		{4037D938-5847-4CFD-8C0C-F3D6FFD7B534}.Release|x64.Build.0 = Release|x64
		{4037D938-5847-4CFD-8C0C-F3D6FFD7B534}.Release|x86.ActiveCfg = Release|Win32
		{4037D938-5847-4CFD-8C0C-F3D6FFD7B534}.Release|x86.Build.0 = Release|Win32
		{2A768CCA-553B-4E7C-800B-C5A9EF25D956}.Debug|x64.ActiveCfg = Debug|x64
		{2A768CCA-553B-4E7C-800B-C5A9EF25D956}.Debug|x64.Build.0 = Debug|x64
		{2A768CCA-553B-4E7C-800B-C5A9EF25D956}.Debug|x86.ActiveCfg = Debug|Win32
		{2A768CCA-553B-4E7C-800B-C5A9EF25D956}.Debug|x86.Build.0 = Debug|Win32
		{2A768CCA-553B-4E7C-800B-C5A9EF25D956}.Release|x64.ActiveCfg = Release|x64
		{2A768CCA-553B-4E7C-800B-C5A9EF25D956}.Release|x64.Build.0 = Release|x64
		{2A768CCA-553B-4E7C-800B-C5A9EF25D956}.Release|x86.ActiveCfg = Release|Win32
		{2A768CCA-553B-4E7C-800B-C5A9EF25D956}.Release|x86.Build.0 = Release|Win32
		{80F70F10-1ED3-45CD-8027-CAD990FCD578}.Debug|x64.ActiveCfg = Debug|x64
		{80F70F10-1ED3-45CD-8027-CAD990FCD578}.Debug|x64.Build.0 = Debug|x64
		{80F70F10-1ED3-45CD-8027-CAD990FCD578}.Debug|x86.ActiveCfg = Debug|Win32
		{80F70F10-1ED3-45CD-8027-CAD990FCD578}.Debug|x86.Build.0 = Debug|Win32
		{80F70F10-1ED3-45CD-8027-CAD990FCD578}.Release|x64.ActiveCfg = Release|x64
		{80F70F10-1ED3-45CD-8027-CAD990FCD578}.Release|x64.Build.0 = Release|x64
		{80F70F10-1ED3-45CD-8027-CAD990FCD578}.Release|x86.ActiveCfg = Release|Win32
		{80F70F10-1ED3-45CD-8027-CAD990FCD578}.Release|x86.Build.0 = Release|Win32
		{DE66BEC4-0586-4143-B4D4-3C14D0E4E315}.Debug|x64.ActiveCfg = Debug|x64
		{DE66BEC4-0586-4143-B4D4-3C14D0E4E315}.Debug|x64.Build.0 = Debug|x64
		{DE66BEC4-0586-4143-B4D4-3C14D0E4E315}.Debug|x86.ActiveCfg = Debug|Win32
		{DE66BEC4-0586-4143-B4D4-3C14D0E4E315}.Debug|x86.Build.0 = Debug|Win32
		{DE66BEC4-0586-4143-B4D4-3C14D0E4E315}.Release|x64.ActiveCfg = Release|x64
		{DE66BEC4-0586-4143-B4D4-3C14D0E4E315}.Release|x64.Build.0 = Release|x64
		{DE66BEC4-0586-4143-B4D4-3C14D0E4E315}.Release|x86.ActiveCfg = Release|Win32
		{DE66BEC4-0586-4143-B4D4-3C14D0E4E315}.Release|x86.Build.0 = Release|Win32
		{1C0C3928-51CC-4BFD-979D-EFB0262857E9}.Debug|x64.ActiveCfg = Debug|x64
		{1C0C3928-51CC-4BFD-979D-EFB0262857E9}.Debug|x64.Build.0 = Debug|x64
		{1C0C3928-51CC-4BFD-979D-EFB0262857E9}.Debug|x86.ActiveCfg = Debug|Win32
		{1C0C3928-51CC-4BFD-979D-EFB0262857E9}.Debug|x86.Build.0 = Debug|Win32
		{1C0C3928-51CC-4BFD-979D-EFB0262857E9}.Release|x64.ActiveCfg = Release|x64
		{1C0C3928-51CC-4BFD-979D-EFB0262857E9}.Release|x64.Build.0 = Release|x64
		{1C0C3928-51CC-4BFD-979D-EFB0262857E9}.Release|x86.ActiveCfg = Release|Win32
		{1C0C3928-51CC-4BFD-979D-EFB0262857E9}.Release|x86.Build.0 = Release|Win32
		{A922ACC6-7B74-4D96-9DFB-17BEA79128B5}.Debug|x64.ActiveCfg = Debug|x64
		{A922ACC6-7B74-4D96-9DFB-17BEA79128B5}.Debug|x64.Build.0 = Debug|x64
		{A922ACC6-7B74-4D96-9DFB-17BEA79128B5}.Debug|x86.ActiveCfg = Debug|Win32
		{A922ACC6-7B74-4D96-9DFB-17BEA79128B5}.Debug|x86.Build.0 = Debug|Win32
		{A922ACC6-7B74-4D96-9DFB-17BEA79128B5}.Release|x64.ActiveCfg = Release|x64
		{A922ACC6-7B74-4D96-9DFB-17BEA79128B5}.Release|x64.Build.0 = Release|x64
		{A922ACC6-7B74-4D96-9DFB-17BEA79128B5}.Release|x86.ActiveCfg = Release|Win32
		{A922ACC6-7B74-4D96-9DFB-17BEA79128B5}.Release|x86.Build.0 = Release|Win32
		{FE6506E2-C3E8-4C37-BDA5-471B8473E99D}.Debug|x64.ActiveCfg = Debug|x64
		{FE6506E2-C3E8-4C37-BDA5-471B8473E99D}.Debug|x64.Build.0 = Debug|x64
		{FE6506E2-C3E8-4C37-BDA5-471B8473E99D}.Debug|x86.ActiveCfg = Debug|Win32
		{FE6506E2-C3E8-4C37-BDA5-471B8473E99D}.Debug|x86.Build.0 = Debug|Win32
		{FE6506E2-C3E8-4C37-BDA5-471B8473E99D}.Release|x64.ActiveCfg = Release|x64
		{FE6506E2-C3E8-4C37-BDA5-471B8473E99D}.Release|x64.Build.0 = Release|x64
		{FE6506E2-C3E8-4C37-BDA5-471B8473E99D}.Release|x86.ActiveCfg = Release|Win32
		{FE6506E2-C3E8-4C37-BDA5-471B8473E99D}.Release|x86.Build.0 = Release|Win32
		{1B4AB9FA-7CB6-408F-AF75-27C6AB18497E}.Debug|x64.ActiveCfg = Debug|x64
		{1B4AB9FA-7CB6-408F-AF75-27C6AB18497E}.Debug|x64.Build.0 = Debug|x64
		{1B4AB9FA-7CB6-408F-AF75-27C6AB18497E}.Debug|x86.ActiveCfg = Debug|Win32
		{1B4AB9FA-7CB6-408F-AF75-27C6AB18497E}.Debug|x86.Build.0 = Debug|Win32
		{1B4AB9FA-7CB6-408F-AF75-27C6AB18497E}.Release|x64.ActiveCfg = Release|x64
		{1B4AB9FA-7CB6-408F-AF75-27C6AB18497E}.Release|x64.Build.0 = Release|x64
		{1B4AB9FA-7CB6-408F-AF75-27C6AB18497E}.Release|x86.ActiveCfg = Release|Win32
		{1B4AB9FA-7CB6-408F-AF75-27C6AB18497E}.Release|x86.Build.0 = Release|Win32
		{255B82EA-9F3B-452C-A4C2-A1A667CED794}.Debug|x64.ActiveCfg = Debug|x64
		{255B82EA-9F3B-452C-A4C2-A1A667CED794}.Debug|x64.Build.0 = Debug|x64
		{255B82EA-9F3B-452C-A4C2-A1A667CED794}.Debug|x86.ActiveCfg = Debug|Win32
		{255B82EA-9F3B-452C-A4C2-A1A667CED794}.Debug|x86.Build.0 = Debug|Win32
		{255B82EA-9F3B-452C-A4C2-A1A667CED794}.Release|x64.ActiveCfg = Release|x64
		{255B82EA-9F3B-452C-A4C2-A1A667CED794}.Release|x64.Build.0 = Release|x64
		{255B82EA-9F3B-452C-A4C2-A1A667CED794}.Release|x86.ActiveCfg = Release|Win32
		{255B82EA-9F3B-452C-A4C2-A1A667CED794}.Release|x86.Build.0 = Release|Win32
	EndGlobalSection
	GlobalSection(SolutionProperties) = preSolution
		HideSolutionNode = FALSE
	EndGlobalSection
	GlobalSection(ExtensibilityGlobals) = postSolution
		SolutionGuid = {CBD0510F-4CBC-4F61-968C-14CAC95002E7}
	EndGlobalSection
EndGlobal
